
Microsoft Visual Studio Solution File, Format Version 12.00
# Visual Studio Version 17
VisualStudioVersion = 17.4.33213.308
MinimumVisualStudioVersion = 10.0.40219.1
Project("{FAE04EC0-301F-11D3-BF4B-00C04F79EFBC}") = "ConsoleClient", "ConsoleClient\ConsoleClient.csproj", "{B102290E-561F-4318-91FC-3665612BA964}"
EndProject
Project("{2150E333-8FDC-42A3-9474-1A3956D46DE8}") = "Solution Items", "Solution Items", "{5C1CB911-8778-44AA-A6B2-8202106ADE05}"
	ProjectSection(SolutionItems) = preProject
		OwH123.ndproj = OwH123.ndproj
		OWHJ123.ndrules = OWHJ123.ndrules
	EndProjectSection
EndProject
Project("{FAE04EC0-301F-11D3-BF4B-00C04F79EFBC}") = "DataCsvStoring", "DataCsvStoring\DataCsvStoring.csproj", "{4CDAC3BB-EEB0-40C3-89E6-07134EFB53A0}"
EndProject
Project("{FAE04EC0-301F-11D3-BF4B-00C04F79EFBC}") = "DataClasses", "DataClasses\DataClasses.csproj", "{8F70795B-D4C3-49F2-9919-55D5F16C701E}"
EndProject
Project("{FAE04EC0-301F-11D3-BF4B-00C04F79EFBC}") = "PersonManagement", "PersonManagement\PersonManagement.csproj", "{AB899B3A-175D-4E91-A020-ABC00F8C1940}"
EndProject
Project("{2150E333-8FDC-42A3-9474-1A3956D46DE8}") = "UI", "UI", "{28FF5562-5C5E-418C-A820-66D26720FA4C}"
EndProject
Project("{2150E333-8FDC-42A3-9474-1A3956D46DE8}") = "Logic", "Logic", "{C6D7B567-CF75-4EF2-A04F-C6E9995C88A2}"
EndProject
Project("{2150E333-8FDC-42A3-9474-1A3956D46DE8}") = "CrossCutting", "CrossCutting", "{E7BD7AD4-44BA-452B-B1CE-A8925C920150}"
EndProject
Project("{2150E333-8FDC-42A3-9474-1A3956D46DE8}") = "Data", "Data", "{089D8235-330D-464A-9CEC-59D51B4DA01C}"
EndProject
Project("{2150E333-8FDC-42A3-9474-1A3956D46DE8}") = "Domain", "Domain", "{891F0FD3-8E09-497C-B273-571D745032CA}"
EndProject
Project("{FAE04EC0-301F-11D3-BF4B-00C04F79EFBC}") = "AuditationManagement", "AuditationManagement\AuditationManagement.csproj", "{DC5831A5-1DEE-4BF8-88E6-B26898469DE3}"
EndProject
Project("{2150E333-8FDC-42A3-9474-1A3956D46DE8}") = "Business", "Business", "{5E08B686-45DD-4160-B574-5A7F4073669F}"
EndProject
Project("{FAE04EC0-301F-11D3-BF4B-00C04F79EFBC}") = "Workflows", "Workflows\Workflows.csproj", "{AF4A95C1-98AE-489D-9638-566EAC7EF14A}"
EndProject
Global
	GlobalSection(SolutionConfigurationPlatforms) = preSolution
		Debug|Any CPU = Debug|Any CPU
		Release|Any CPU = Release|Any CPU
	EndGlobalSection
	GlobalSection(ProjectConfigurationPlatforms) = postSolution
		{B102290E-561F-4318-91FC-3665612BA964}.Debug|Any CPU.ActiveCfg = Debug|Any CPU
		{B102290E-561F-4318-91FC-3665612BA964}.Debug|Any CPU.Build.0 = Debug|Any CPU
		{B102290E-561F-4318-91FC-3665612BA964}.Release|Any CPU.ActiveCfg = Release|Any CPU
		{B102290E-561F-4318-91FC-3665612BA964}.Release|Any CPU.Build.0 = Release|Any CPU
		{4CDAC3BB-EEB0-40C3-89E6-07134EFB53A0}.Debug|Any CPU.ActiveCfg = Debug|Any CPU
		{4CDAC3BB-EEB0-40C3-89E6-07134EFB53A0}.Debug|Any CPU.Build.0 = Debug|Any CPU
		{4CDAC3BB-EEB0-40C3-89E6-07134EFB53A0}.Release|Any CPU.ActiveCfg = Release|Any CPU
		{4CDAC3BB-EEB0-40C3-89E6-07134EFB53A0}.Release|Any CPU.Build.0 = Release|Any CPU
		{8F70795B-D4C3-49F2-9919-55D5F16C701E}.Debug|Any CPU.ActiveCfg = Debug|Any CPU
		{8F70795B-D4C3-49F2-9919-55D5F16C701E}.Debug|Any CPU.Build.0 = Debug|Any CPU
		{8F70795B-D4C3-49F2-9919-55D5F16C701E}.Release|Any CPU.ActiveCfg = Release|Any CPU
		{8F70795B-D4C3-49F2-9919-55D5F16C701E}.Release|Any CPU.Build.0 = Release|Any CPU
		{AB899B3A-175D-4E91-A020-ABC00F8C1940}.Debug|Any CPU.ActiveCfg = Debug|Any CPU
		{AB899B3A-175D-4E91-A020-ABC00F8C1940}.Debug|Any CPU.Build.0 = Debug|Any CPU
		{AB899B3A-175D-4E91-A020-ABC00F8C1940}.Release|Any CPU.ActiveCfg = Release|Any CPU
		{AB899B3A-175D-4E91-A020-ABC00F8C1940}.Release|Any CPU.Build.0 = Release|Any CPU
		{DC5831A5-1DEE-4BF8-88E6-B26898469DE3}.Debug|Any CPU.ActiveCfg = Debug|Any CPU
		{DC5831A5-1DEE-4BF8-88E6-B26898469DE3}.Debug|Any CPU.Build.0 = Debug|Any CPU
		{DC5831A5-1DEE-4BF8-88E6-B26898469DE3}.Release|Any CPU.ActiveCfg = Release|Any CPU
		{DC5831A5-1DEE-4BF8-88E6-B26898469DE3}.Release|Any CPU.Build.0 = Release|Any CPU
		{AF4A95C1-98AE-489D-9638-566EAC7EF14A}.Debug|Any CPU.ActiveCfg = Debug|Any CPU
		{AF4A95C1-98AE-489D-9638-566EAC7EF14A}.Debug|Any CPU.Build.0 = Debug|Any CPU
		{AF4A95C1-98AE-489D-9638-566EAC7EF14A}.Release|Any CPU.ActiveCfg = Release|Any CPU
		{AF4A95C1-98AE-489D-9638-566EAC7EF14A}.Release|Any CPU.Build.0 = Release|Any CPU
	EndGlobalSection
	GlobalSection(SolutionProperties) = preSolution
		HideSolutionNode = FALSE
	EndGlobalSection
	GlobalSection(NestedProjects) = preSolution
		{B102290E-561F-4318-91FC-3665612BA964} = {28FF5562-5C5E-418C-A820-66D26720FA4C}
		{4CDAC3BB-EEB0-40C3-89E6-07134EFB53A0} = {089D8235-330D-464A-9CEC-59D51B4DA01C}
		{8F70795B-D4C3-49F2-9919-55D5F16C701E} = {E7BD7AD4-44BA-452B-B1CE-A8925C920150}
		{AB899B3A-175D-4E91-A020-ABC00F8C1940} = {891F0FD3-8E09-497C-B273-571D745032CA}
		{891F0FD3-8E09-497C-B273-571D745032CA} = {C6D7B567-CF75-4EF2-A04F-C6E9995C88A2}
		{DC5831A5-1DEE-4BF8-88E6-B26898469DE3} = {891F0FD3-8E09-497C-B273-571D745032CA}
		{5E08B686-45DD-4160-B574-5A7F4073669F} = {C6D7B567-CF75-4EF2-A04F-C6E9995C88A2}
		{AF4A95C1-98AE-489D-9638-566EAC7EF14A} = {5E08B686-45DD-4160-B574-5A7F4073669F}
	EndGlobalSection
	GlobalSection(ExtensibilityGlobals) = postSolution
		SolutionGuid = {2FDD3A3D-8642-425F-8C98-4E5B59686A0E}
	EndGlobalSection
EndGlobal
